
Microsoft Visual Studio Solution File, Format Version 12.00
# Visual Studio Version 17
VisualStudioVersion = 17.14.36429.23 d17.14
MinimumVisualStudioVersion = 10.0.40219.1
Project("{FAE04EC0-301F-11D3-BF4B-00C04F79EFBC}") = "Tyuiu.KadralinovaAT.Sprint5.Task0.V2", "Tyuiu.KadralinovaAT.Sprint5.Task0.V2\Tyuiu.KadralinovaAT.Sprint5.Task0.V2.csproj", "{E4AFAD9C-0305-4E55-8083-167ADBFF3802}"
EndProject
Project("{FAE04EC0-301F-11D3-BF4B-00C04F79EFBC}") = "Tyuiu.KadralinovaAT.Sprint5.Task0.V2.Lib", "Tyuiu.KadralinovaAT.Sprint5.Task0.V2.Lib\Tyuiu.KadralinovaAT.Sprint5.Task0.V2.Lib.csproj", "{25F8235B-A6A7-46DB-913F-386CEFCC68A7}"
EndProject
Project("{FAE04EC0-301F-11D3-BF4B-00C04F79EFBC}") = "Tyuiu.KadralinovaAT.Sprint5.Task0.V2.Test", "Tyuiu.KadralinovaAT.Sprint5.Task0.V2.Test\Tyuiu.KadralinovaAT.Sprint5.Task0.V2.Test.csproj", "{4EF715DD-4B77-4F38-A23F-732B64DF65DD}"
EndProject
Project("{2150E333-8FDC-42A3-9474-1A3956D46DE8}") = "Task0", "Task0", "{02EA681E-C7D8-13C7-8484-4AC65E1B71E8}"
EndProject
Project("{2150E333-8FDC-42A3-9474-1A3956D46DE8}") = "Task1", "Task1", "{E32B50BC-E1F9-47E2-A651-5A220B68F503}"
EndProject
Project("{2150E333-8FDC-42A3-9474-1A3956D46DE8}") = "Task2", "Task2", "{841370E5-CAF6-43D6-A339-FDE133618A8C}"
EndProject
Project("{2150E333-8FDC-42A3-9474-1A3956D46DE8}") = "Task3", "Task3", "{210070CD-4AEC-4B9B-9D8C-DC3BD1C270E5}"
EndProject
Project("{2150E333-8FDC-42A3-9474-1A3956D46DE8}") = "Task4", "Task4", "{2C3978F3-E06E-45D6-A534-6E6B99EE1581}"
EndProject
Project("{2150E333-8FDC-42A3-9474-1A3956D46DE8}") = "Task5", "Task5", "{78BDBBED-5886-4C70-B6AF-87671B93E268}"
EndProject
Project("{2150E333-8FDC-42A3-9474-1A3956D46DE8}") = "Task6", "Task6", "{E9B11923-91DB-4330-9F10-A750682D5FBC}"
EndProject
Project("{2150E333-8FDC-42A3-9474-1A3956D46DE8}") = "Task7", "Task7", "{5951B8A8-751B-47EF-8382-7EB3D427F511}"
EndProject
Project("{FAE04EC0-301F-11D3-BF4B-00C04F79EFBC}") = "Tyuiu.KadralinovaAT.Sprint5.Task1.V22", "Tyuiu.KadralinovaAT.Sprint5.Task1.V22\Tyuiu.KadralinovaAT.Sprint5.Task1.V22.csproj", "{151F5F72-EE52-4B72-9B3F-9FB19B83D031}"
EndProject
Project("{FAE04EC0-301F-11D3-BF4B-00C04F79EFBC}") = "Tyuiu.KadralinovaAT.Sprint5.Task1.V22.Lib", "Tyuiu.KadralinovaAT.Sprint5.Task1.V22.Lib\Tyuiu.KadralinovaAT.Sprint5.Task1.V22.Lib.csproj", "{8C541324-C6D0-4418-BA4E-C0A6C87D488F}"
EndProject
Project("{FAE04EC0-301F-11D3-BF4B-00C04F79EFBC}") = "Tyuiu.KadralinovaAT.Sprint5.Task1.V22.Test", "Tyuiu.KadralinovaAT.Sprint5.Task1.V22.Test\Tyuiu.KadralinovaAT.Sprint5.Task1.V22.Test.csproj", "{F284B5EC-533C-442A-95EA-3C4D459A0B68}"
EndProject
Project("{FAE04EC0-301F-11D3-BF4B-00C04F79EFBC}") = "Tyuiu.KadralinovaAT.Sprint5.Task2.V28", "Tyuiu.KadralinovaAT.Sprint5.Task2.V28\Tyuiu.KadralinovaAT.Sprint5.Task2.V28.csproj", "{2CF97253-64DC-465E-9FC1-67F7622E8176}"
EndProject
Project("{FAE04EC0-301F-11D3-BF4B-00C04F79EFBC}") = "Tyuiu.KadralinovaAT.Sprint5.Task2.V28.Lib", "Tyuiu.KadralinovaAT.Sprint5.Task2.V28.Lib\Tyuiu.KadralinovaAT.Sprint5.Task2.V28.Lib.csproj", "{A8272D2C-F737-4613-A276-EFFD14A4E8DE}"
EndProject
Project("{FAE04EC0-301F-11D3-BF4B-00C04F79EFBC}") = "Tyuiu.KadralinovaAT.Sprint5.Task2.V28.Test", "Tyuiu.KadralinovaAT.Sprint5.Task2.V28.Test\Tyuiu.KadralinovaAT.Sprint5.Task2.V28.Test.csproj", "{953E4B22-0497-43A3-B054-9D7AA32B5732}"
EndProject
Project("{FAE04EC0-301F-11D3-BF4B-00C04F79EFBC}") = "Tyuiu.KadralinovaAT.Sprint5.Task3.V2", "Tyuiu.KadralinovaAT.Sprint5.Task3.V2\Tyuiu.KadralinovaAT.Sprint5.Task3.V2.csproj", "{46B66EA3-F3E4-4E33-9ED1-254276BC42F7}"
EndProject
Project("{FAE04EC0-301F-11D3-BF4B-00C04F79EFBC}") = "Tyuiu.KadralinovaAT.Sprint5.Task3.V2.Lib", "Tyuiu.KadralinovaAT.Sprint5.Task3.V2.Lib\Tyuiu.KadralinovaAT.Sprint5.Task3.V2.Lib.csproj", "{3CB63A60-26FC-4138-9FAE-070813BAC1F3}"
EndProject
Project("{FAE04EC0-301F-11D3-BF4B-00C04F79EFBC}") = "Tyuiu.KadralinovaAT.Sprint5.Task3.V2.Test", "Tyuiu.KadralinovaAT.Sprint5.Task3.V2.Test\Tyuiu.KadralinovaAT.Sprint5.Task3.V2.Test.csproj", "{0D9C4D42-8AB5-4281-AA60-C6F1F5AB5582}"
EndProject
Project("{FAE04EC0-301F-11D3-BF4B-00C04F79EFBC}") = "Tyuiu.KadralinovaAT.Sprint5.Task4.V8", "Tyuiu.KadralinovaAT.Sprint5.Task4.V8\Tyuiu.KadralinovaAT.Sprint5.Task4.V8.csproj", "{D2EACF00-9B9B-427A-A832-45DBBE071FBC}"
EndProject
Project("{FAE04EC0-301F-11D3-BF4B-00C04F79EFBC}") = "Tyuiu.KadralinovaAT.Sprint5.Task4.V8.Lib", "Tyuiu.KadralinovaAT.Sprint5.Task4.V8.Lib\Tyuiu.KadralinovaAT.Sprint5.Task4.V8.Lib.csproj", "{9E4339C5-C5FD-4113-97DA-66084A3E3993}"
EndProject
Project("{FAE04EC0-301F-11D3-BF4B-00C04F79EFBC}") = "Tyuiu.KadralinovaAT.Sprint5.Task4.V8.Test", "Tyuiu.KadralinovaAT.Sprint5.Task4.V8.Test\Tyuiu.KadralinovaAT.Sprint5.Task4.V8.Test.csproj", "{AFFA7EF0-7767-4830-B2DC-C649DB6BFE19}"
EndProject
Project("{FAE04EC0-301F-11D3-BF4B-00C04F79EFBC}") = "Tyuiu.KadralinovaAT.Sprint5.Task5.V4", "Tyuiu.KadralinovaAT.Sprint5.Task5.V4\Tyuiu.KadralinovaAT.Sprint5.Task5.V4.csproj", "{3AF00E79-CFDA-426D-AD77-BE95606DD89F}"
EndProject
Project("{FAE04EC0-301F-11D3-BF4B-00C04F79EFBC}") = "Tyuiu.KadralinovaAT.Sprint5.Task5.V4.Lib", "Tyuiu.KadralinovaAT.Sprint5.Task5.V4.Lib\Tyuiu.KadralinovaAT.Sprint5.Task5.V4.Lib.csproj", "{0E778AA6-A4E7-4EC5-A991-1FF74A921792}"
EndProject
Project("{FAE04EC0-301F-11D3-BF4B-00C04F79EFBC}") = "Tyuiu.KadralinovaAT.Sprint5.Task5.V4.Test", "Tyuiu.KadralinovaAT.Sprint5.Task5.V4.Test\Tyuiu.KadralinovaAT.Sprint5.Task5.V4.Test.csproj", "{56B355E9-DE73-4577-9651-9B3125BF4185}"
EndProject
Project("{FAE04EC0-301F-11D3-BF4B-00C04F79EFBC}") = "Tyuiu.KadralinovaAT.Sprint5.Task6.V30", "Tyuiu.KadralinovaAT.Sprint5.Task6.V30\Tyuiu.KadralinovaAT.Sprint5.Task6.V30.csproj", "{1A230E41-247F-4108-A7F5-8018241CED4D}"
EndProject
Project("{FAE04EC0-301F-11D3-BF4B-00C04F79EFBC}") = "Tyuiu.KadralinovaAT.Sprint5.Task6.V30.Lib", "Tyuiu.KadralinovaAT.Sprint5.Task6.V30.Lib\Tyuiu.KadralinovaAT.Sprint5.Task6.V30.Lib.csproj", "{9ED0B0BE-8D87-4D95-88CE-374E69712521}"
EndProject
Project("{FAE04EC0-301F-11D3-BF4B-00C04F79EFBC}") = "Tyuiu.KadralinovaAT.Sprint5.Task6.V30.Test", "Tyuiu.KadralinovaAT.Sprint5.Task6.V30.Test\Tyuiu.KadralinovaAT.Sprint5.Task6.V30.Test.csproj", "{BD0A33C7-490F-4D08-BD10-A2E4C9DD27EB}"
EndProject
Project("{FAE04EC0-301F-11D3-BF4B-00C04F79EFBC}") = "Tyuiu.KadralinovaAT.Sprint5.Task7.V14", "Tyuiu.KadralinovaAT.Sprint5.Task7.V14\Tyuiu.KadralinovaAT.Sprint5.Task7.V14.csproj", "{A93E62AB-D535-4049-8CF6-A27236337AA9}"
EndProject
Project("{FAE04EC0-301F-11D3-BF4B-00C04F79EFBC}") = "Tyuiu.KadralinovaAT.Sprint5.Task7.V14.Lib", "Tyuiu.KadralinovaAT.Sprint5.Task7.V14.Lib\Tyuiu.KadralinovaAT.Sprint5.Task7.V14.Lib.csproj", "{3A772AD2-57E0-4645-ABD8-C3EAFC07D4B7}"
EndProject
Project("{FAE04EC0-301F-11D3-BF4B-00C04F79EFBC}") = "Tyuiu.KadralinovaAT.Sprint5.Task7.V14.Test", "Tyuiu.KadralinovaAT.Sprint5.Task7.V14.Test\Tyuiu.KadralinovaAT.Sprint5.Task7.V14.Test.csproj", "{C8B67FD2-7F7C-4E25-8FA2-8A1B6E4C143B}"
EndProject
Global
	GlobalSection(SolutionConfigurationPlatforms) = preSolution
		Debug|Any CPU = Debug|Any CPU
		Release|Any CPU = Release|Any CPU
	EndGlobalSection
	GlobalSection(ProjectConfigurationPlatforms) = postSolution
		{E4AFAD9C-0305-4E55-8083-167ADBFF3802}.Debug|Any CPU.ActiveCfg = Debug|Any CPU
		{E4AFAD9C-0305-4E55-8083-167ADBFF3802}.Debug|Any CPU.Build.0 = Debug|Any CPU
		{E4AFAD9C-0305-4E55-8083-167ADBFF3802}.Release|Any CPU.ActiveCfg = Release|Any CPU
		{E4AFAD9C-0305-4E55-8083-167ADBFF3802}.Release|Any CPU.Build.0 = Release|Any CPU
		{25F8235B-A6A7-46DB-913F-386CEFCC68A7}.Debug|Any CPU.ActiveCfg = Debug|Any CPU
		{25F8235B-A6A7-46DB-913F-386CEFCC68A7}.Debug|Any CPU.Build.0 = Debug|Any CPU
		{25F8235B-A6A7-46DB-913F-386CEFCC68A7}.Release|Any CPU.ActiveCfg = Release|Any CPU
		{25F8235B-A6A7-46DB-913F-386CEFCC68A7}.Release|Any CPU.Build.0 = Release|Any CPU
		{4EF715DD-4B77-4F38-A23F-732B64DF65DD}.Debug|Any CPU.ActiveCfg = Debug|Any CPU
		{4EF715DD-4B77-4F38-A23F-732B64DF65DD}.Debug|Any CPU.Build.0 = Debug|Any CPU
		{4EF715DD-4B77-4F38-A23F-732B64DF65DD}.Release|Any CPU.ActiveCfg = Release|Any CPU
		{4EF715DD-4B77-4F38-A23F-732B64DF65DD}.Release|Any CPU.Build.0 = Release|Any CPU
		{151F5F72-EE52-4B72-9B3F-9FB19B83D031}.Debug|Any CPU.ActiveCfg = Debug|Any CPU
		{151F5F72-EE52-4B72-9B3F-9FB19B83D031}.Debug|Any CPU.Build.0 = Debug|Any CPU
		{151F5F72-EE52-4B72-9B3F-9FB19B83D031}.Release|Any CPU.ActiveCfg = Release|Any CPU
		{151F5F72-EE52-4B72-9B3F-9FB19B83D031}.Release|Any CPU.Build.0 = Release|Any CPU
		{8C541324-C6D0-4418-BA4E-C0A6C87D488F}.Debug|Any CPU.ActiveCfg = Debug|Any CPU
		{8C541324-C6D0-4418-BA4E-C0A6C87D488F}.Debug|Any CPU.Build.0 = Debug|Any CPU
		{8C541324-C6D0-4418-BA4E-C0A6C87D488F}.Release|Any CPU.ActiveCfg = Release|Any CPU
		{8C541324-C6D0-4418-BA4E-C0A6C87D488F}.Release|Any CPU.Build.0 = Release|Any CPU
		{F284B5EC-533C-442A-95EA-3C4D459A0B68}.Debug|Any CPU.ActiveCfg = Debug|Any CPU
		{F284B5EC-533C-442A-95EA-3C4D459A0B68}.Debug|Any CPU.Build.0 = Debug|Any CPU
		{F284B5EC-533C-442A-95EA-3C4D459A0B68}.Release|Any CPU.ActiveCfg = Release|Any CPU
		{F284B5EC-533C-442A-95EA-3C4D459A0B68}.Release|Any CPU.Build.0 = Release|Any CPU
		{2CF97253-64DC-465E-9FC1-67F7622E8176}.Debug|Any CPU.ActiveCfg = Debug|Any CPU
		{2CF97253-64DC-465E-9FC1-67F7622E8176}.Debug|Any CPU.Build.0 = Debug|Any CPU
		{2CF97253-64DC-465E-9FC1-67F7622E8176}.Release|Any CPU.ActiveCfg = Release|Any CPU
		{2CF97253-64DC-465E-9FC1-67F7622E8176}.Release|Any CPU.Build.0 = Release|Any CPU
		{A8272D2C-F737-4613-A276-EFFD14A4E8DE}.Debug|Any CPU.ActiveCfg = Debug|Any CPU
		{A8272D2C-F737-4613-A276-EFFD14A4E8DE}.Debug|Any CPU.Build.0 = Debug|Any CPU
		{A8272D2C-F737-4613-A276-EFFD14A4E8DE}.Release|Any CPU.ActiveCfg = Release|Any CPU
		{A8272D2C-F737-4613-A276-EFFD14A4E8DE}.Release|Any CPU.Build.0 = Release|Any CPU
		{953E4B22-0497-43A3-B054-9D7AA32B5732}.Debug|Any CPU.ActiveCfg = Debug|Any CPU
		{953E4B22-0497-43A3-B054-9D7AA32B5732}.Debug|Any CPU.Build.0 = Debug|Any CPU
		{953E4B22-0497-43A3-B054-9D7AA32B5732}.Release|Any CPU.ActiveCfg = Release|Any CPU
		{953E4B22-0497-43A3-B054-9D7AA32B5732}.Release|Any CPU.Build.0 = Release|Any CPU
		{46B66EA3-F3E4-4E33-9ED1-254276BC42F7}.Debug|Any CPU.ActiveCfg = Debug|Any CPU
		{46B66EA3-F3E4-4E33-9ED1-254276BC42F7}.Debug|Any CPU.Build.0 = Debug|Any CPU
		{46B66EA3-F3E4-4E33-9ED1-254276BC42F7}.Release|Any CPU.ActiveCfg = Release|Any CPU
		{46B66EA3-F3E4-4E33-9ED1-254276BC42F7}.Release|Any CPU.Build.0 = Release|Any CPU
		{3CB63A60-26FC-4138-9FAE-070813BAC1F3}.Debug|Any CPU.ActiveCfg = Debug|Any CPU
		{3CB63A60-26FC-4138-9FAE-070813BAC1F3}.Debug|Any CPU.Build.0 = Debug|Any CPU
		{3CB63A60-26FC-4138-9FAE-070813BAC1F3}.Release|Any CPU.ActiveCfg = Release|Any CPU
		{3CB63A60-26FC-4138-9FAE-070813BAC1F3}.Release|Any CPU.Build.0 = Release|Any CPU
		{0D9C4D42-8AB5-4281-AA60-C6F1F5AB5582}.Debug|Any CPU.ActiveCfg = Debug|Any CPU
		{0D9C4D42-8AB5-4281-AA60-C6F1F5AB5582}.Debug|Any CPU.Build.0 = Debug|Any CPU
		{0D9C4D42-8AB5-4281-AA60-C6F1F5AB5582}.Release|Any CPU.ActiveCfg = Release|Any CPU
		{0D9C4D42-8AB5-4281-AA60-C6F1F5AB5582}.Release|Any CPU.Build.0 = Release|Any CPU
		{D2EACF00-9B9B-427A-A832-45DBBE071FBC}.Debug|Any CPU.ActiveCfg = Debug|Any CPU
		{D2EACF00-9B9B-427A-A832-45DBBE071FBC}.Debug|Any CPU.Build.0 = Debug|Any CPU
		{D2EACF00-9B9B-427A-A832-45DBBE071FBC}.Release|Any CPU.ActiveCfg = Release|Any CPU
		{D2EACF00-9B9B-427A-A832-45DBBE071FBC}.Release|Any CPU.Build.0 = Release|Any CPU
		{9E4339C5-C5FD-4113-97DA-66084A3E3993}.Debug|Any CPU.ActiveCfg = Debug|Any CPU
		{9E4339C5-C5FD-4113-97DA-66084A3E3993}.Debug|Any CPU.Build.0 = Debug|Any CPU
		{9E4339C5-C5FD-4113-97DA-66084A3E3993}.Release|Any CPU.ActiveCfg = Release|Any CPU
		{9E4339C5-C5FD-4113-97DA-66084A3E3993}.Release|Any CPU.Build.0 = Release|Any CPU
		{AFFA7EF0-7767-4830-B2DC-C649DB6BFE19}.Debug|Any CPU.ActiveCfg = Debug|Any CPU
		{AFFA7EF0-7767-4830-B2DC-C649DB6BFE19}.Debug|Any CPU.Build.0 = Debug|Any CPU
		{AFFA7EF0-7767-4830-B2DC-C649DB6BFE19}.Release|Any CPU.ActiveCfg = Release|Any CPU
		{AFFA7EF0-7767-4830-B2DC-C649DB6BFE19}.Release|Any CPU.Build.0 = Release|Any CPU
		{3AF00E79-CFDA-426D-AD77-BE95606DD89F}.Debug|Any CPU.ActiveCfg = Debug|Any CPU
		{3AF00E79-CFDA-426D-AD77-BE95606DD89F}.Debug|Any CPU.Build.0 = Debug|Any CPU
		{3AF00E79-CFDA-426D-AD77-BE95606DD89F}.Release|Any CPU.ActiveCfg = Release|Any CPU
		{3AF00E79-CFDA-426D-AD77-BE95606DD89F}.Release|Any CPU.Build.0 = Release|Any CPU
		{0E778AA6-A4E7-4EC5-A991-1FF74A921792}.Debug|Any CPU.ActiveCfg = Debug|Any CPU
		{0E778AA6-A4E7-4EC5-A991-1FF74A921792}.Debug|Any CPU.Build.0 = Debug|Any CPU
		{0E778AA6-A4E7-4EC5-A991-1FF74A921792}.Release|Any CPU.ActiveCfg = Release|Any CPU
		{0E778AA6-A4E7-4EC5-A991-1FF74A921792}.Release|Any CPU.Build.0 = Release|Any CPU
		{56B355E9-DE73-4577-9651-9B3125BF4185}.Debug|Any CPU.ActiveCfg = Debug|Any CPU
		{56B355E9-DE73-4577-9651-9B3125BF4185}.Debug|Any CPU.Build.0 = Debug|Any CPU
		{56B355E9-DE73-4577-9651-9B3125BF4185}.Release|Any CPU.ActiveCfg = Release|Any CPU
		{56B355E9-DE73-4577-9651-9B3125BF4185}.Release|Any CPU.Build.0 = Release|Any CPU
		{1A230E41-247F-4108-A7F5-8018241CED4D}.Debug|Any CPU.ActiveCfg = Debug|Any CPU
		{1A230E41-247F-4108-A7F5-8018241CED4D}.Debug|Any CPU.Build.0 = Debug|Any CPU
		{1A230E41-247F-4108-A7F5-8018241CED4D}.Release|Any CPU.ActiveCfg = Release|Any CPU
		{1A230E41-247F-4108-A7F5-8018241CED4D}.Release|Any CPU.Build.0 = Release|Any CPU
		{9ED0B0BE-8D87-4D95-88CE-374E69712521}.Debug|Any CPU.ActiveCfg = Debug|Any CPU
		{9ED0B0BE-8D87-4D95-88CE-374E69712521}.Debug|Any CPU.Build.0 = Debug|Any CPU
		{9ED0B0BE-8D87-4D95-88CE-374E69712521}.Release|Any CPU.ActiveCfg = Release|Any CPU
		{9ED0B0BE-8D87-4D95-88CE-374E69712521}.Release|Any CPU.Build.0 = Release|Any CPU
		{BD0A33C7-490F-4D08-BD10-A2E4C9DD27EB}.Debug|Any CPU.ActiveCfg = Debug|Any CPU
		{BD0A33C7-490F-4D08-BD10-A2E4C9DD27EB}.Debug|Any CPU.Build.0 = Debug|Any CPU
		{BD0A33C7-490F-4D08-BD10-A2E4C9DD27EB}.Release|Any CPU.ActiveCfg = Release|Any CPU
		{BD0A33C7-490F-4D08-BD10-A2E4C9DD27EB}.Release|Any CPU.Build.0 = Release|Any CPU
		{A93E62AB-D535-4049-8CF6-A27236337AA9}.Debug|Any CPU.ActiveCfg = Debug|Any CPU
		{A93E62AB-D535-4049-8CF6-A27236337AA9}.Debug|Any CPU.Build.0 = Debug|Any CPU
		{A93E62AB-D535-4049-8CF6-A27236337AA9}.Release|Any CPU.ActiveCfg = Release|Any CPU
		{A93E62AB-D535-4049-8CF6-A27236337AA9}.Release|Any CPU.Build.0 = Release|Any CPU
		{3A772AD2-57E0-4645-ABD8-C3EAFC07D4B7}.Debug|Any CPU.ActiveCfg = Debug|Any CPU
		{3A772AD2-57E0-4645-ABD8-C3EAFC07D4B7}.Debug|Any CPU.Build.0 = Debug|Any CPU
		{3A772AD2-57E0-4645-ABD8-C3EAFC07D4B7}.Release|Any CPU.ActiveCfg = Release|Any CPU
		{3A772AD2-57E0-4645-ABD8-C3EAFC07D4B7}.Release|Any CPU.Build.0 = Release|Any CPU
		{C8B67FD2-7F7C-4E25-8FA2-8A1B6E4C143B}.Debug|Any CPU.ActiveCfg = Debug|Any CPU
		{C8B67FD2-7F7C-4E25-8FA2-8A1B6E4C143B}.Debug|Any CPU.Build.0 = Debug|Any CPU
		{C8B67FD2-7F7C-4E25-8FA2-8A1B6E4C143B}.Release|Any CPU.ActiveCfg = Release|Any CPU
		{C8B67FD2-7F7C-4E25-8FA2-8A1B6E4C143B}.Release|Any CPU.Build.0 = Release|Any CPU
	EndGlobalSection
	GlobalSection(SolutionProperties) = preSolution
		HideSolutionNode = FALSE
	EndGlobalSection
	GlobalSection(NestedProjects) = preSolution
		{E4AFAD9C-0305-4E55-8083-167ADBFF3802} = {02EA681E-C7D8-13C7-8484-4AC65E1B71E8}
		{25F8235B-A6A7-46DB-913F-386CEFCC68A7} = {02EA681E-C7D8-13C7-8484-4AC65E1B71E8}
		{4EF715DD-4B77-4F38-A23F-732B64DF65DD} = {02EA681E-C7D8-13C7-8484-4AC65E1B71E8}
		{151F5F72-EE52-4B72-9B3F-9FB19B83D031} = {E32B50BC-E1F9-47E2-A651-5A220B68F503}
		{8C541324-C6D0-4418-BA4E-C0A6C87D488F} = {E32B50BC-E1F9-47E2-A651-5A220B68F503}
		{F284B5EC-533C-442A-95EA-3C4D459A0B68} = {E32B50BC-E1F9-47E2-A651-5A220B68F503}
		{2CF97253-64DC-465E-9FC1-67F7622E8176} = {841370E5-CAF6-43D6-A339-FDE133618A8C}
		{A8272D2C-F737-4613-A276-EFFD14A4E8DE} = {841370E5-CAF6-43D6-A339-FDE133618A8C}
		{953E4B22-0497-43A3-B054-9D7AA32B5732} = {841370E5-CAF6-43D6-A339-FDE133618A8C}
		{46B66EA3-F3E4-4E33-9ED1-254276BC42F7} = {210070CD-4AEC-4B9B-9D8C-DC3BD1C270E5}
		{3CB63A60-26FC-4138-9FAE-070813BAC1F3} = {210070CD-4AEC-4B9B-9D8C-DC3BD1C270E5}
		{0D9C4D42-8AB5-4281-AA60-C6F1F5AB5582} = {210070CD-4AEC-4B9B-9D8C-DC3BD1C270E5}
		{D2EACF00-9B9B-427A-A832-45DBBE071FBC} = {2C3978F3-E06E-45D6-A534-6E6B99EE1581}
		{9E4339C5-C5FD-4113-97DA-66084A3E3993} = {2C3978F3-E06E-45D6-A534-6E6B99EE1581}
		{AFFA7EF0-7767-4830-B2DC-C649DB6BFE19} = {2C3978F3-E06E-45D6-A534-6E6B99EE1581}
		{3AF00E79-CFDA-426D-AD77-BE95606DD89F} = {78BDBBED-5886-4C70-B6AF-87671B93E268}
		{0E778AA6-A4E7-4EC5-A991-1FF74A921792} = {78BDBBED-5886-4C70-B6AF-87671B93E268}
		{56B355E9-DE73-4577-9651-9B3125BF4185} = {78BDBBED-5886-4C70-B6AF-87671B93E268}
		{1A230E41-247F-4108-A7F5-8018241CED4D} = {E9B11923-91DB-4330-9F10-A750682D5FBC}
		{9ED0B0BE-8D87-4D95-88CE-374E69712521} = {E9B11923-91DB-4330-9F10-A750682D5FBC}
		{BD0A33C7-490F-4D08-BD10-A2E4C9DD27EB} = {E9B11923-91DB-4330-9F10-A750682D5FBC}
		{A93E62AB-D535-4049-8CF6-A27236337AA9} = {5951B8A8-751B-47EF-8382-7EB3D427F511}
		{3A772AD2-57E0-4645-ABD8-C3EAFC07D4B7} = {5951B8A8-751B-47EF-8382-7EB3D427F511}
		{C8B67FD2-7F7C-4E25-8FA2-8A1B6E4C143B} = {5951B8A8-751B-47EF-8382-7EB3D427F511}
	EndGlobalSection
	GlobalSection(ExtensibilityGlobals) = postSolution
		SolutionGuid = {D9CBEC83-FB7D-4A83-8F70-1EE9A40D229C}
	EndGlobalSection
EndGlobal
